// !$*UTF8*$!
{
	archiveVersion = 1;
	classes = {
	};
	objectVersion = 46;
	objects = {

/* Begin PBXBuildFile section */
		19F0965259FB640162D38F47 /* libPods-SimpleReactiveCoreLocation.a in Frameworks */ = {isa = PBXBuildFile; fileRef = 3FDA8943FA398ABF30723195 /* libPods-SimpleReactiveCoreLocation.a */; };
		A97202F11A07B9E1008C27D3 /* MMPRegionsViewController.m in Sources */ = {isa = PBXBuildFile; fileRef = A97202F01A07B9E1008C27D3 /* MMPRegionsViewController.m */; };
		A9DE7EEE19E2256C0001E251 /* MMPLocationsViewController.m in Sources */ = {isa = PBXBuildFile; fileRef = A9DE7EED19E2256C0001E251 /* MMPLocationsViewController.m */; };
		A9FFD77E190BDF2F00FA10DD /* Foundation.framework in Frameworks */ = {isa = PBXBuildFile; fileRef = A9FFD77D190BDF2F00FA10DD /* Foundation.framework */; };
		A9FFD780190BDF2F00FA10DD /* CoreGraphics.framework in Frameworks */ = {isa = PBXBuildFile; fileRef = A9FFD77F190BDF2F00FA10DD /* CoreGraphics.framework */; };
		A9FFD782190BDF2F00FA10DD /* UIKit.framework in Frameworks */ = {isa = PBXBuildFile; fileRef = A9FFD781190BDF2F00FA10DD /* UIKit.framework */; };
		A9FFD788190BDF2F00FA10DD /* InfoPlist.strings in Resources */ = {isa = PBXBuildFile; fileRef = A9FFD786190BDF2F00FA10DD /* InfoPlist.strings */; };
		A9FFD78A190BDF2F00FA10DD /* main.m in Sources */ = {isa = PBXBuildFile; fileRef = A9FFD789190BDF2F00FA10DD /* main.m */; };
		A9FFD78E190BDF2F00FA10DD /* MMPAppDelegate.m in Sources */ = {isa = PBXBuildFile; fileRef = A9FFD78D190BDF2F00FA10DD /* MMPAppDelegate.m */; };
		A9FFD791190BDF2F00FA10DD /* Main.storyboard in Resources */ = {isa = PBXBuildFile; fileRef = A9FFD78F190BDF2F00FA10DD /* Main.storyboard */; };
		A9FFD796190BDF2F00FA10DD /* Images.xcassets in Resources */ = {isa = PBXBuildFile; fileRef = A9FFD795190BDF2F00FA10DD /* Images.xcassets */; };
/* End PBXBuildFile section */

/* Begin PBXFileReference section */
		246441450F6140DD8A58B160 /* Pods-SimpleReactiveCoreLocation.debug.xcconfig */ = {isa = PBXFileReference; includeInIndex = 1; lastKnownFileType = text.xcconfig; name = "Pods-SimpleReactiveCoreLocation.debug.xcconfig"; path = "Pods/Target Support Files/Pods-SimpleReactiveCoreLocation/Pods-SimpleReactiveCoreLocation.debug.xcconfig"; sourceTree = "<group>"; };
		3FDA8943FA398ABF30723195 /* libPods-SimpleReactiveCoreLocation.a */ = {isa = PBXFileReference; explicitFileType = archive.ar; includeInIndex = 0; path = "libPods-SimpleReactiveCoreLocation.a"; sourceTree = BUILT_PRODUCTS_DIR; };
		A97202EF1A07B9E1008C27D3 /* MMPRegionsViewController.h */ = {isa = PBXFileReference; fileEncoding = 4; lastKnownFileType = sourcecode.c.h; path = MMPRegionsViewController.h; sourceTree = "<group>"; };
		A97202F01A07B9E1008C27D3 /* MMPRegionsViewController.m */ = {isa = PBXFileReference; fileEncoding = 4; lastKnownFileType = sourcecode.c.objc; path = MMPRegionsViewController.m; sourceTree = "<group>"; };
		A9DE7EEC19E2256C0001E251 /* MMPLocationsViewController.h */ = {isa = PBXFileReference; fileEncoding = 4; lastKnownFileType = sourcecode.c.h; path = MMPLocationsViewController.h; sourceTree = "<group>"; };
		A9DE7EED19E2256C0001E251 /* MMPLocationsViewController.m */ = {isa = PBXFileReference; fileEncoding = 4; lastKnownFileType = sourcecode.c.objc; path = MMPLocationsViewController.m; sourceTree = "<group>"; };
		A9FFD77A190BDF2F00FA10DD /* SimpleReactiveCoreLocation.app */ = {isa = PBXFileReference; explicitFileType = wrapper.application; includeInIndex = 0; path = SimpleReactiveCoreLocation.app; sourceTree = BUILT_PRODUCTS_DIR; };
		A9FFD77D190BDF2F00FA10DD /* Foundation.framework */ = {isa = PBXFileReference; lastKnownFileType = wrapper.framework; name = Foundation.framework; path = System/Library/Frameworks/Foundation.framework; sourceTree = SDKROOT; };
		A9FFD77F190BDF2F00FA10DD /* CoreGraphics.framework */ = {isa = PBXFileReference; lastKnownFileType = wrapper.framework; name = CoreGraphics.framework; path = System/Library/Frameworks/CoreGraphics.framework; sourceTree = SDKROOT; };
		A9FFD781190BDF2F00FA10DD /* UIKit.framework */ = {isa = PBXFileReference; lastKnownFileType = wrapper.framework; name = UIKit.framework; path = System/Library/Frameworks/UIKit.framework; sourceTree = SDKROOT; };
		A9FFD785190BDF2F00FA10DD /* SimpleReactiveCoreLocation-Info.plist */ = {isa = PBXFileReference; lastKnownFileType = text.plist.xml; path = "SimpleReactiveCoreLocation-Info.plist"; sourceTree = "<group>"; };
		A9FFD787190BDF2F00FA10DD /* en */ = {isa = PBXFileReference; lastKnownFileType = text.plist.strings; name = en; path = en.lproj/InfoPlist.strings; sourceTree = "<group>"; };
		A9FFD789190BDF2F00FA10DD /* main.m */ = {isa = PBXFileReference; lastKnownFileType = sourcecode.c.objc; path = main.m; sourceTree = "<group>"; };
		A9FFD78B190BDF2F00FA10DD /* SimpleReactiveCoreLocation-Prefix.pch */ = {isa = PBXFileReference; lastKnownFileType = sourcecode.c.h; path = "SimpleReactiveCoreLocation-Prefix.pch"; sourceTree = "<group>"; };
		A9FFD78C190BDF2F00FA10DD /* MMPAppDelegate.h */ = {isa = PBXFileReference; lastKnownFileType = sourcecode.c.h; path = MMPAppDelegate.h; sourceTree = "<group>"; };
		A9FFD78D190BDF2F00FA10DD /* MMPAppDelegate.m */ = {isa = PBXFileReference; lastKnownFileType = sourcecode.c.objc; path = MMPAppDelegate.m; sourceTree = "<group>"; };
		A9FFD790190BDF2F00FA10DD /* Base */ = {isa = PBXFileReference; lastKnownFileType = file.storyboard; name = Base; path = Base.lproj/Main.storyboard; sourceTree = "<group>"; };
		A9FFD795190BDF2F00FA10DD /* Images.xcassets */ = {isa = PBXFileReference; lastKnownFileType = folder.assetcatalog; path = Images.xcassets; sourceTree = "<group>"; };
		A9FFD79C190BDF2F00FA10DD /* XCTest.framework */ = {isa = PBXFileReference; lastKnownFileType = wrapper.framework; name = XCTest.framework; path = Library/Frameworks/XCTest.framework; sourceTree = DEVELOPER_DIR; };
		C126E0D61EA7F3AC6725AC87 /* Pods-SimpleReactiveCoreLocation.release.xcconfig */ = {isa = PBXFileReference; includeInIndex = 1; lastKnownFileType = text.xcconfig; name = "Pods-SimpleReactiveCoreLocation.release.xcconfig"; path = "Pods/Target Support Files/Pods-SimpleReactiveCoreLocation/Pods-SimpleReactiveCoreLocation.release.xcconfig"; sourceTree = "<group>"; };
/* End PBXFileReference section */

/* Begin PBXFrameworksBuildPhase section */
		A9FFD777190BDF2F00FA10DD /* Frameworks */ = {
			isa = PBXFrameworksBuildPhase;
			buildActionMask = 2147483647;
			files = (
				A9FFD780190BDF2F00FA10DD /* CoreGraphics.framework in Frameworks */,
				A9FFD782190BDF2F00FA10DD /* UIKit.framework in Frameworks */,
				A9FFD77E190BDF2F00FA10DD /* Foundation.framework in Frameworks */,
				19F0965259FB640162D38F47 /* libPods-SimpleReactiveCoreLocation.a in Frameworks */,
			);
			runOnlyForDeploymentPostprocessing = 0;
		};
/* End PBXFrameworksBuildPhase section */

/* Begin PBXGroup section */
		A9FFD771190BDF2F00FA10DD = {
			isa = PBXGroup;
			children = (
				A9FFD783190BDF2F00FA10DD /* SimpleReactiveCoreLocation */,
				A9FFD77C190BDF2F00FA10DD /* Frameworks */,
				A9FFD77B190BDF2F00FA10DD /* Products */,
				D01A631614FAA0294BACC0AE /* Pods */,
			);
			sourceTree = "<group>";
		};
		A9FFD77B190BDF2F00FA10DD /* Products */ = {
			isa = PBXGroup;
			children = (
				A9FFD77A190BDF2F00FA10DD /* SimpleReactiveCoreLocation.app */,
			);
			name = Products;
			sourceTree = "<group>";
		};
		A9FFD77C190BDF2F00FA10DD /* Frameworks */ = {
			isa = PBXGroup;
			children = (
				A9FFD77D190BDF2F00FA10DD /* Foundation.framework */,
				A9FFD77F190BDF2F00FA10DD /* CoreGraphics.framework */,
				A9FFD781190BDF2F00FA10DD /* UIKit.framework */,
				A9FFD79C190BDF2F00FA10DD /* XCTest.framework */,
				3FDA8943FA398ABF30723195 /* libPods-SimpleReactiveCoreLocation.a */,
			);
			name = Frameworks;
			sourceTree = "<group>";
		};
		A9FFD783190BDF2F00FA10DD /* SimpleReactiveCoreLocation */ = {
			isa = PBXGroup;
			children = (
				A9FFD78C190BDF2F00FA10DD /* MMPAppDelegate.h */,
				A9FFD78D190BDF2F00FA10DD /* MMPAppDelegate.m */,
				A9FFD78F190BDF2F00FA10DD /* Main.storyboard */,
				A9DE7EEC19E2256C0001E251 /* MMPLocationsViewController.h */,
				A9DE7EED19E2256C0001E251 /* MMPLocationsViewController.m */,
				A97202EF1A07B9E1008C27D3 /* MMPRegionsViewController.h */,
				A97202F01A07B9E1008C27D3 /* MMPRegionsViewController.m */,
				A9FFD795190BDF2F00FA10DD /* Images.xcassets */,
				A9FFD784190BDF2F00FA10DD /* Supporting Files */,
			);
			path = SimpleReactiveCoreLocation;
			sourceTree = "<group>";
		};
		A9FFD784190BDF2F00FA10DD /* Supporting Files */ = {
			isa = PBXGroup;
			children = (
				A9FFD785190BDF2F00FA10DD /* SimpleReactiveCoreLocation-Info.plist */,
				A9FFD786190BDF2F00FA10DD /* InfoPlist.strings */,
				A9FFD789190BDF2F00FA10DD /* main.m */,
				A9FFD78B190BDF2F00FA10DD /* SimpleReactiveCoreLocation-Prefix.pch */,
			);
			name = "Supporting Files";
			sourceTree = "<group>";
		};
		D01A631614FAA0294BACC0AE /* Pods */ = {
			isa = PBXGroup;
			children = (
				246441450F6140DD8A58B160 /* Pods-SimpleReactiveCoreLocation.debug.xcconfig */,
				C126E0D61EA7F3AC6725AC87 /* Pods-SimpleReactiveCoreLocation.release.xcconfig */,
			);
			name = Pods;
			sourceTree = "<group>";
		};
/* End PBXGroup section */

/* Begin PBXNativeTarget section */
		A9FFD779190BDF2F00FA10DD /* SimpleReactiveCoreLocation */ = {
			isa = PBXNativeTarget;
			buildConfigurationList = A9FFD7AC190BDF2F00FA10DD /* Build configuration list for PBXNativeTarget "SimpleReactiveCoreLocation" */;
			buildPhases = (
				C7FD7668004ADC06F4828C23 /* [CP] Check Pods Manifest.lock */,
				A9FFD776190BDF2F00FA10DD /* Sources */,
				A9FFD777190BDF2F00FA10DD /* Frameworks */,
				A9FFD778190BDF2F00FA10DD /* Resources */,
				84330901A0D48E6E26E87B80 /* [CP] Embed Pods Frameworks */,
				C84D9C063E0F99220BEFD668 /* [CP] Copy Pods Resources */,
			);
			buildRules = (
			);
			dependencies = (
			);
			name = SimpleReactiveCoreLocation;
			productName = SimpleReactiveCoreLocation;
			productReference = A9FFD77A190BDF2F00FA10DD /* SimpleReactiveCoreLocation.app */;
			productType = "com.apple.product-type.application";
		};
/* End PBXNativeTarget section */

/* Begin PBXProject section */
		A9FFD772190BDF2F00FA10DD /* Project object */ = {
			isa = PBXProject;
			attributes = {
				CLASSPREFIX = MMP;
				LastUpgradeCheck = 0820;
				ORGANIZATIONNAME = Purbo;
			};
			buildConfigurationList = A9FFD775190BDF2F00FA10DD /* Build configuration list for PBXProject "SimpleReactiveCoreLocation" */;
			compatibilityVersion = "Xcode 3.2";
			developmentRegion = English;
			hasScannedForEncodings = 0;
			knownRegions = (
				en,
				Base,
			);
			mainGroup = A9FFD771190BDF2F00FA10DD;
			productRefGroup = A9FFD77B190BDF2F00FA10DD /* Products */;
			projectDirPath = "";
			projectRoot = "";
			targets = (
				A9FFD779190BDF2F00FA10DD /* SimpleReactiveCoreLocation */,
			);
		};
/* End PBXProject section */

/* Begin PBXResourcesBuildPhase section */
		A9FFD778190BDF2F00FA10DD /* Resources */ = {
			isa = PBXResourcesBuildPhase;
			buildActionMask = 2147483647;
			files = (
				A9FFD796190BDF2F00FA10DD /* Images.xcassets in Resources */,
				A9FFD788190BDF2F00FA10DD /* InfoPlist.strings in Resources */,
				A9FFD791190BDF2F00FA10DD /* Main.storyboard in Resources */,
			);
			runOnlyForDeploymentPostprocessing = 0;
		};
/* End PBXResourcesBuildPhase section */

/* Begin PBXShellScriptBuildPhase section */
		84330901A0D48E6E26E87B80 /* [CP] Embed Pods Frameworks */ = {
			isa = PBXShellScriptBuildPhase;
			buildActionMask = 2147483647;
			files = (
			);
			inputPaths = (
			);
			name = "[CP] Embed Pods Frameworks";
			outputPaths = (
			);
			runOnlyForDeploymentPostprocessing = 0;
			shellPath = /bin/sh;
			shellScript = "\"${SRCROOT}/Pods/Target Support Files/Pods-SimpleReactiveCoreLocation/Pods-SimpleReactiveCoreLocation-frameworks.sh\"\n";
			showEnvVarsInLog = 0;
		};
		C7FD7668004ADC06F4828C23 /* [CP] Check Pods Manifest.lock */ = {
			isa = PBXShellScriptBuildPhase;
			buildActionMask = 2147483647;
			files = (
			);
			inputPaths = (
			);
			name = "[CP] Check Pods Manifest.lock";
			outputPaths = (
			);
			runOnlyForDeploymentPostprocessing = 0;
			shellPath = /bin/sh;
			shellScript = "diff \"${PODS_ROOT}/../Podfile.lock\" \"${PODS_ROOT}/Manifest.lock\" > /dev/null\nif [ $? != 0 ] ; then\n    # print error to STDERR\n    echo \"error: The sandbox is not in sync with the Podfile.lock. Run 'pod install' or update your CocoaPods installation.\" >&2\n    exit 1\nfi\n";
			showEnvVarsInLog = 0;
		};
		C84D9C063E0F99220BEFD668 /* [CP] Copy Pods Resources */ = {
			isa = PBXShellScriptBuildPhase;
			buildActionMask = 2147483647;
			files = (
			);
			inputPaths = (
			);
			name = "[CP] Copy Pods Resources";
			outputPaths = (
			);
			runOnlyForDeploymentPostprocessing = 0;
			shellPath = /bin/sh;
			shellScript = "\"${SRCROOT}/Pods/Target Support Files/Pods-SimpleReactiveCoreLocation/Pods-SimpleReactiveCoreLocation-resources.sh\"\n";
			showEnvVarsInLog = 0;
		};
/* End PBXShellScriptBuildPhase section */

/* Begin PBXSourcesBuildPhase section */
		A9FFD776190BDF2F00FA10DD /* Sources */ = {
			isa = PBXSourcesBuildPhase;
			buildActionMask = 2147483647;
			files = (
				A9DE7EEE19E2256C0001E251 /* MMPLocationsViewController.m in Sources */,
				A97202F11A07B9E1008C27D3 /* MMPRegionsViewController.m in Sources */,
				A9FFD78A190BDF2F00FA10DD /* main.m in Sources */,
				A9FFD78E190BDF2F00FA10DD /* MMPAppDelegate.m in Sources */,
			);
			runOnlyForDeploymentPostprocessing = 0;
		};
/* End PBXSourcesBuildPhase section */

/* Begin PBXVariantGroup section */
		A9FFD786190BDF2F00FA10DD /* InfoPlist.strings */ = {
			isa = PBXVariantGroup;
			children = (
				A9FFD787190BDF2F00FA10DD /* en */,
			);
			name = InfoPlist.strings;
			sourceTree = "<group>";
		};
		A9FFD78F190BDF2F00FA10DD /* Main.storyboard */ = {
			isa = PBXVariantGroup;
			children = (
				A9FFD790190BDF2F00FA10DD /* Base */,
			);
			name = Main.storyboard;
			sourceTree = "<group>";
		};
/* End PBXVariantGroup section */

/* Begin XCBuildConfiguration section */
		A9FFD7AA190BDF2F00FA10DD /* Debug */ = {
			isa = XCBuildConfiguration;
			buildSettings = {
				ALWAYS_SEARCH_USER_PATHS = NO;
				CLANG_CXX_LANGUAGE_STANDARD = "gnu++0x";
				CLANG_CXX_LIBRARY = "libc++";
				CLANG_ENABLE_MODULES = YES;
				CLANG_ENABLE_OBJC_ARC = YES;
				CLANG_WARN_BOOL_CONVERSION = YES;
				CLANG_WARN_CONSTANT_CONVERSION = YES;
				CLANG_WARN_DIRECT_OBJC_ISA_USAGE = YES_ERROR;
				CLANG_WARN_EMPTY_BODY = YES;
				CLANG_WARN_ENUM_CONVERSION = YES;
				CLANG_WARN_INFINITE_RECURSION = YES;
				CLANG_WARN_INT_CONVERSION = YES;
				CLANG_WARN_OBJC_ROOT_CLASS = YES_ERROR;
				CLANG_WARN_SUSPICIOUS_MOVE = YES;
				CLANG_WARN_UNREACHABLE_CODE = YES;
				CLANG_WARN__DUPLICATE_METHOD_MATCH = YES;
				"CODE_SIGN_IDENTITY[sdk=iphoneos*]" = "iPhone Developer";
				COPY_PHASE_STRIP = NO;
				ENABLE_STRICT_OBJC_MSGSEND = YES;
				ENABLE_TESTABILITY = YES;
				GCC_C_LANGUAGE_STANDARD = gnu99;
				GCC_DYNAMIC_NO_PIC = NO;
				GCC_NO_COMMON_BLOCKS = YES;
				GCC_OPTIMIZATION_LEVEL = 0;
				GCC_PREPROCESSOR_DEFINITIONS = (
					"DEBUG=1",
					"$(inherited)",
				);
				GCC_SYMBOLS_PRIVATE_EXTERN = NO;
				GCC_WARN_64_TO_32_BIT_CONVERSION = YES;
				GCC_WARN_ABOUT_RETURN_TYPE = YES_ERROR;
				GCC_WARN_UNDECLARED_SELECTOR = YES;
				GCC_WARN_UNINITIALIZED_AUTOS = YES_AGGRESSIVE;
				GCC_WARN_UNUSED_FUNCTION = YES;
				GCC_WARN_UNUSED_VARIABLE = YES;
				IPHONEOS_DEPLOYMENT_TARGET = 8.0;
				ONLY_ACTIVE_ARCH = YES;
				SDKROOT = iphoneos;
			};
			name = Debug;
		};
		A9FFD7AB190BDF2F00FA10DD /* Release */ = {
			isa = XCBuildConfiguration;
			buildSettings = {
				ALWAYS_SEARCH_USER_PATHS = NO;
				CLANG_CXX_LANGUAGE_STANDARD = "gnu++0x";
				CLANG_CXX_LIBRARY = "libc++";
				CLANG_ENABLE_MODULES = YES;
				CLANG_ENABLE_OBJC_ARC = YES;
				CLANG_WARN_BOOL_CONVERSION = YES;
				CLANG_WARN_CONSTANT_CONVERSION = YES;
				CLANG_WARN_DIRECT_OBJC_ISA_USAGE = YES_ERROR;
				CLANG_WARN_EMPTY_BODY = YES;
				CLANG_WARN_ENUM_CONVERSION = YES;
				CLANG_WARN_INFINITE_RECURSION = YES;
				CLANG_WARN_INT_CONVERSION = YES;
				CLANG_WARN_OBJC_ROOT_CLASS = YES_ERROR;
				CLANG_WARN_SUSPICIOUS_MOVE = YES;
				CLANG_WARN_UNREACHABLE_CODE = YES;
				CLANG_WARN__DUPLICATE_METHOD_MATCH = YES;
				"CODE_SIGN_IDENTITY[sdk=iphoneos*]" = "iPhone Developer";
				COPY_PHASE_STRIP = YES;
				ENABLE_NS_ASSERTIONS = NO;
				ENABLE_STRICT_OBJC_MSGSEND = YES;
				GCC_C_LANGUAGE_STANDARD = gnu99;
				GCC_NO_COMMON_BLOCKS = YES;
				GCC_WARN_64_TO_32_BIT_CONVERSION = YES;
				GCC_WARN_ABOUT_RETURN_TYPE = YES_ERROR;
				GCC_WARN_UNDECLARED_SELECTOR = YES;
				GCC_WARN_UNINITIALIZED_AUTOS = YES_AGGRESSIVE;
				GCC_WARN_UNUSED_FUNCTION = YES;
				GCC_WARN_UNUSED_VARIABLE = YES;
				IPHONEOS_DEPLOYMENT_TARGET = 8.0;
				SDKROOT = iphoneos;
				VALIDATE_PRODUCT = YES;
			};
			name = Release;
		};
		A9FFD7AD190BDF2F00FA10DD /* Debug */ = {
			isa = XCBuildConfiguration;
			baseConfigurationReference = 246441450F6140DD8A58B160 /* Pods-SimpleReactiveCoreLocation.debug.xcconfig */;
			buildSettings = {
				ASSETCATALOG_COMPILER_APPICON_NAME = AppIcon;
				ASSETCATALOG_COMPILER_LAUNCHIMAGE_NAME = LaunchImage;
				GCC_PRECOMPILE_PREFIX_HEADER = YES;
				GCC_PREFIX_HEADER = "SimpleReactiveCoreLocation/SimpleReactiveCoreLocation-Prefix.pch";
				INFOPLIST_FILE = "SimpleReactiveCoreLocation/SimpleReactiveCoreLocation-Info.plist";
				IPHONEOS_DEPLOYMENT_TARGET = 8.0;
				PRODUCT_BUNDLE_IDENTIFIER = "org.purbo.${PRODUCT_NAME:rfc1034identifier}";
				PRODUCT_NAME = "$(TARGET_NAME)";
				WRAPPER_EXTENSION = app;
			};
			name = Debug;
		};
		A9FFD7AE190BDF2F00FA10DD /* Release */ = {
			isa = XCBuildConfiguration;
			baseConfigurationReference = C126E0D61EA7F3AC6725AC87 /* Pods-SimpleReactiveCoreLocation.release.xcconfig */;
			buildSettings = {
				ASSETCATALOG_COMPILER_APPICON_NAME = AppIcon;
				ASSETCATALOG_COMPILER_LAUNCHIMAGE_NAME = LaunchImage;
				GCC_PRECOMPILE_PREFIX_HEADER = YES;
				GCC_PREFIX_HEADER = "SimpleReactiveCoreLocation/SimpleReactiveCoreLocation-Prefix.pch";
				INFOPLIST_FILE = "SimpleReactiveCoreLocation/SimpleReactiveCoreLocation-Info.plist";
				IPHONEOS_DEPLOYMENT_TARGET = 8.0;
				PRODUCT_BUNDLE_IDENTIFIER = "org.purbo.${PRODUCT_NAME:rfc1034identifier}";
				PRODUCT_NAME = "$(TARGET_NAME)";
				WRAPPER_EXTENSION = app;
			};
			name = Release;
		};
/* End XCBuildConfiguration section */

/* Begin XCConfigurationList section */
		A9FFD775190BDF2F00FA10DD /* Build configuration list for PBXProject "SimpleReactiveCoreLocation" */ = {
			isa = XCConfigurationList;
			buildConfigurations = (
				A9FFD7AA190BDF2F00FA10DD /* Debug */,
				A9FFD7AB190BDF2F00FA10DD /* Release */,
			);
			defaultConfigurationIsVisible = 0;
			defaultConfigurationName = Release;
		};
		A9FFD7AC190BDF2F00FA10DD /* Build configuration list for PBXNativeTarget "SimpleReactiveCoreLocation" */ = {
			isa = XCConfigurationList;
			buildConfigurations = (
				A9FFD7AD190BDF2F00FA10DD /* Debug */,
				A9FFD7AE190BDF2F00FA10DD /* Release */,
			);
			defaultConfigurationIsVisible = 0;
			defaultConfigurationName = Release;
		};
/* End XCConfigurationList section */
	};
	rootObject = A9FFD772190BDF2F00FA10DD /* Project object */;
}
